// !$*UTF8*$!
{
	archiveVersion = 1;
	classes = {
	};
	objectVersion = 51;
	objects = {

/* Begin PBXBuildFile section */
		520088D6265167BF004A15D1 /* BaseTableViewCell.swift in Sources */ = {isa = PBXBuildFile; fileRef = 520088D5265167BF004A15D1 /* BaseTableViewCell.swift */; };
		5221052B264D739500FF89CB /* Dashboard.storyboard in Resources */ = {isa = PBXBuildFile; fileRef = 5221052A264D739500FF89CB /* Dashboard.storyboard */; };
		5221052E264D73BF00FF89CB /* MainDashboardViewController.swift in Sources */ = {isa = PBXBuildFile; fileRef = 5221052C264D73BF00FF89CB /* MainDashboardViewController.swift */; };
		5221052F264D73BF00FF89CB /* QuizTakenLabels.swift in Sources */ = {isa = PBXBuildFile; fileRef = 5221052D264D73BF00FF89CB /* QuizTakenLabels.swift */; };
		52210531264D73CA00FF89CB /* UserDashboardViewController.swift in Sources */ = {isa = PBXBuildFile; fileRef = 52210530264D73CA00FF89CB /* UserDashboardViewController.swift */; };
		52210533264D77DF00FF89CB /* UserQuizzesTableViewSectionHeaderCell.swift in Sources */ = {isa = PBXBuildFile; fileRef = 52210532264D77DF00FF89CB /* UserQuizzesTableViewSectionHeaderCell.swift */; };
		522BFEF6264EE06200A92745 /* InputValidationPasswordTextField.swift in Sources */ = {isa = PBXBuildFile; fileRef = 522BFEF5264EE06200A92745 /* InputValidationPasswordTextField.swift */; };
		522E8F00264F5F0100F166DB /* AdminDashboardViewController.swift in Sources */ = {isa = PBXBuildFile; fileRef = 522E8EF1264F5F0100F166DB /* AdminDashboardViewController.swift */; };
		522E8F02264F5F0100F166DB /* AdminQuestionListViewController.swift in Sources */ = {isa = PBXBuildFile; fileRef = 522E8EF3264F5F0100F166DB /* AdminQuestionListViewController.swift */; };
		522E8F0E264F69F300F166DB /* AdminQuestionListPreviewCell.swift in Sources */ = {isa = PBXBuildFile; fileRef = 522E8F0D264F69F300F166DB /* AdminQuestionListPreviewCell.swift */; };
		522E8F10264F6BB900F166DB /* ShortAnswerQuestionFormExtensions.swift in Sources */ = {isa = PBXBuildFile; fileRef = 522E8F0F264F6BB900F166DB /* ShortAnswerQuestionFormExtensions.swift */; };
		522E8F12264F6BE400F166DB /* MultipleChoiceQuestionFormExtensions.swift in Sources */ = {isa = PBXBuildFile; fileRef = 522E8F11264F6BE400F166DB /* MultipleChoiceQuestionFormExtensions.swift */; };
		522F5E3E264C2FEF00E9C3DE /* UIExtensions.swift in Sources */ = {isa = PBXBuildFile; fileRef = 522F5E3D264C2FEF00E9C3DE /* UIExtensions.swift */; };
		522F5E40264C319000E9C3DE /* BaseViewController.swift in Sources */ = {isa = PBXBuildFile; fileRef = 522F5E3F264C319000E9C3DE /* BaseViewController.swift */; };
		522F5E47264C336500E9C3DE /* QuizViewController.swift in Sources */ = {isa = PBXBuildFile; fileRef = 522F5E45264C336500E9C3DE /* QuizViewController.swift */; };
		522F5E4A264C33E400E9C3DE /* MultipleChoiceQuestionViewController.swift in Sources */ = {isa = PBXBuildFile; fileRef = 522F5E49264C33E400E9C3DE /* MultipleChoiceQuestionViewController.swift */; };
		522F5E4C264C33FA00E9C3DE /* ShortAnswerQuestionViewController.swift in Sources */ = {isa = PBXBuildFile; fileRef = 522F5E4B264C33FA00E9C3DE /* ShortAnswerQuestionViewController.swift */; };
		522F5E4E264C3A7700E9C3DE /* CheckboxView.swift in Sources */ = {isa = PBXBuildFile; fileRef = 522F5E4D264C3A7700E9C3DE /* CheckboxView.swift */; };
		522F5E50264C3BB900E9C3DE /* MultipleChoiceTableViewCell.swift in Sources */ = {isa = PBXBuildFile; fileRef = 522F5E4F264C3BB900E9C3DE /* MultipleChoiceTableViewCell.swift */; };
		524604D72651F62800C19B49 /* Quiz+CoreDataClass.swift in Sources */ = {isa = PBXBuildFile; fileRef = 524604C92651F62800C19B49 /* Quiz+CoreDataClass.swift */; };
		524604D82651F62800C19B49 /* Quiz+CoreDataProperties.swift in Sources */ = {isa = PBXBuildFile; fileRef = 524604CA2651F62800C19B49 /* Quiz+CoreDataProperties.swift */; };
		524604D92651F62800C19B49 /* ShortAnswerQuestionForm+CoreDataClass.swift in Sources */ = {isa = PBXBuildFile; fileRef = 524604CB2651F62800C19B49 /* ShortAnswerQuestionForm+CoreDataClass.swift */; };
		524604DA2651F62800C19B49 /* ShortAnswerQuestionForm+CoreDataProperties.swift in Sources */ = {isa = PBXBuildFile; fileRef = 524604CC2651F62800C19B49 /* ShortAnswerQuestionForm+CoreDataProperties.swift */; };
		524604DB2651F62800C19B49 /* MultipleChoiceQuestion+CoreDataClass.swift in Sources */ = {isa = PBXBuildFile; fileRef = 524604CD2651F62800C19B49 /* MultipleChoiceQuestion+CoreDataClass.swift */; };
		524604DC2651F62800C19B49 /* MultipleChoiceQuestion+CoreDataProperties.swift in Sources */ = {isa = PBXBuildFile; fileRef = 524604CE2651F62800C19B49 /* MultipleChoiceQuestion+CoreDataProperties.swift */; };
		524604DD2651F62800C19B49 /* ShortAnswerQuestion+CoreDataClass.swift in Sources */ = {isa = PBXBuildFile; fileRef = 524604CF2651F62800C19B49 /* ShortAnswerQuestion+CoreDataClass.swift */; };
		524604DE2651F62800C19B49 /* ShortAnswerQuestion+CoreDataProperties.swift in Sources */ = {isa = PBXBuildFile; fileRef = 524604D02651F62800C19B49 /* ShortAnswerQuestion+CoreDataProperties.swift */; };
		524604DF2651F62800C19B49 /* User+CoreDataClass.swift in Sources */ = {isa = PBXBuildFile; fileRef = 524604D12651F62800C19B49 /* User+CoreDataClass.swift */; };
		524604E02651F62800C19B49 /* User+CoreDataProperties.swift in Sources */ = {isa = PBXBuildFile; fileRef = 524604D22651F62800C19B49 /* User+CoreDataProperties.swift */; };
		524604E12651F62800C19B49 /* MultipleChoiceQuestionForm+CoreDataClass.swift in Sources */ = {isa = PBXBuildFile; fileRef = 524604D32651F62800C19B49 /* MultipleChoiceQuestionForm+CoreDataClass.swift */; };
		524604E22651F62800C19B49 /* MultipleChoiceQuestionForm+CoreDataProperties.swift in Sources */ = {isa = PBXBuildFile; fileRef = 524604D42651F62800C19B49 /* MultipleChoiceQuestionForm+CoreDataProperties.swift */; };
		524604E32651F62800C19B49 /* Technology+CoreDataClass.swift in Sources */ = {isa = PBXBuildFile; fileRef = 524604D52651F62800C19B49 /* Technology+CoreDataClass.swift */; };
		524604E42651F62800C19B49 /* Technology+CoreDataProperties.swift in Sources */ = {isa = PBXBuildFile; fileRef = 524604D62651F62800C19B49 /* Technology+CoreDataProperties.swift */; };
		524605282652D83400C19B49 /* AdminQuestionSelectAttributesCell.swift in Sources */ = {isa = PBXBuildFile; fileRef = 5246051C2652D83300C19B49 /* AdminQuestionSelectAttributesCell.swift */; };
		524605292652D83400C19B49 /* AdminQuestionSelectAttributesCell.xib in Resources */ = {isa = PBXBuildFile; fileRef = 5246051D2652D83300C19B49 /* AdminQuestionSelectAttributesCell.xib */; };
		5246052A2652D83400C19B49 /* AdminQuestionButtonsCell.swift in Sources */ = {isa = PBXBuildFile; fileRef = 5246051E2652D83300C19B49 /* AdminQuestionButtonsCell.swift */; };
		5246052B2652D83400C19B49 /* AdminQuestionTextViewCell.xib in Resources */ = {isa = PBXBuildFile; fileRef = 5246051F2652D83300C19B49 /* AdminQuestionTextViewCell.xib */; };
		5246052C2652D83400C19B49 /* AdminQuestionButtonsCell.xib in Resources */ = {isa = PBXBuildFile; fileRef = 524605202652D83300C19B49 /* AdminQuestionButtonsCell.xib */; };
		5246052D2652D83400C19B49 /* AdminQuestionNewChoiceCell.swift in Sources */ = {isa = PBXBuildFile; fileRef = 524605212652D83300C19B49 /* AdminQuestionNewChoiceCell.swift */; };
		5246052E2652D83400C19B49 /* AdminQuestionNewChoiceCell.xib in Resources */ = {isa = PBXBuildFile; fileRef = 524605222652D83300C19B49 /* AdminQuestionNewChoiceCell.xib */; };
		5246052F2652D83400C19B49 /* AdminQuestionTextViewCell.swift in Sources */ = {isa = PBXBuildFile; fileRef = 524605232652D83300C19B49 /* AdminQuestionTextViewCell.swift */; };
		524605302652D83400C19B49 /* AdminQuestionViewController.xib in Resources */ = {isa = PBXBuildFile; fileRef = 524605242652D83300C19B49 /* AdminQuestionViewController.xib */; };
		524605312652D83400C19B49 /* AdminShortAnswerQuestionViewController.swift in Sources */ = {isa = PBXBuildFile; fileRef = 524605252652D83300C19B49 /* AdminShortAnswerQuestionViewController.swift */; };
		524605322652D83400C19B49 /* AdminQuestionViewController.swift in Sources */ = {isa = PBXBuildFile; fileRef = 524605262652D83300C19B49 /* AdminQuestionViewController.swift */; };
		524605332652D83400C19B49 /* AdminMultipleChoiceQuestionViewController.swift in Sources */ = {isa = PBXBuildFile; fileRef = 524605272652D83300C19B49 /* AdminMultipleChoiceQuestionViewController.swift */; };
		524605352652E4DB00C19B49 /* InsetLabel.swift in Sources */ = {isa = PBXBuildFile; fileRef = 524605342652E4DB00C19B49 /* InsetLabel.swift */; };
		524605382652FF7F00C19B49 /* AdminUserListViewController.swift in Sources */ = {isa = PBXBuildFile; fileRef = 524605372652FF7F00C19B49 /* AdminUserListViewController.swift */; };
		5246053A26531AA300C19B49 /* AdminUserQuizListViewController.swift in Sources */ = {isa = PBXBuildFile; fileRef = 5246053926531AA200C19B49 /* AdminUserQuizListViewController.swift */; };
		526B240F264D8CC200E1904C /* UserCurrentQuizTableViewCell.swift in Sources */ = {isa = PBXBuildFile; fileRef = 526B240C264D8CC200E1904C /* UserCurrentQuizTableViewCell.swift */; };
		526B2410264D8CC200E1904C /* UserAvailableQuizTableViewCell.swift in Sources */ = {isa = PBXBuildFile; fileRef = 526B240D264D8CC200E1904C /* UserAvailableQuizTableViewCell.swift */; };
		526B2411264D8CC200E1904C /* UserCompletedQuizTableViewCell.swift in Sources */ = {isa = PBXBuildFile; fileRef = 526B240E264D8CC200E1904C /* UserCompletedQuizTableViewCell.swift */; };
		527E90312649D9C500FB7E71 /* BCryptHasher.swift in Sources */ = {isa = PBXBuildFile; fileRef = 527E902F2649D9C500FB7E71 /* BCryptHasher.swift */; };
		527E90322649D9C500FB7E71 /* KeychainHelper.swift in Sources */ = {isa = PBXBuildFile; fileRef = 527E90302649D9C500FB7E71 /* KeychainHelper.swift */; };
		527E90342649D9CE00FB7E71 /* LoginCredentials.swift in Sources */ = {isa = PBXBuildFile; fileRef = 527E90332649D9CE00FB7E71 /* LoginCredentials.swift */; };
		529A7E88264C7646006A56FA /* SimpleUserDashboardViewController.swift in Sources */ = {isa = PBXBuildFile; fileRef = 529A7E87264C7646006A56FA /* SimpleUserDashboardViewController.swift */; };
		529F0635264C9EDE006984BB /* QuizApp.xcdatamodeld in Sources */ = {isa = PBXBuildFile; fileRef = 529F0633264C9EDE006984BB /* QuizApp.xcdatamodeld */; };
		529F0653264CA71F006984BB /* QuizQuestionOrQuestionForm.swift in Sources */ = {isa = PBXBuildFile; fileRef = 529F0652264CA71F006984BB /* QuizQuestionOrQuestionForm.swift */; };
		529F0655264CA73B006984BB /* ShortAnswerQuestionExtensions.swift in Sources */ = {isa = PBXBuildFile; fileRef = 529F0654264CA73B006984BB /* ShortAnswerQuestionExtensions.swift */; };
		529F0657264CA761006984BB /* MultipleChoiceQuestionExtensions.swift in Sources */ = {isa = PBXBuildFile; fileRef = 529F0656264CA761006984BB /* MultipleChoiceQuestionExtensions.swift */; };
		529F0659264CA89A006984BB /* QuizQuestionViewController.swift in Sources */ = {isa = PBXBuildFile; fileRef = 529F0658264CA89A006984BB /* QuizQuestionViewController.swift */; };
		52AFF290264F71AB00D3B889 /* AdminDashboardChildViewController.swift in Sources */ = {isa = PBXBuildFile; fileRef = 52AFF28F264F71AB00D3B889 /* AdminDashboardChildViewController.swift */; };
		52C385ED264DA24200FEC438 /* UserExtensions.swift in Sources */ = {isa = PBXBuildFile; fileRef = 52C385EC264DA24200FEC438 /* UserExtensions.swift */; };
		52C385EF264DB39700FEC438 /* QuizExtensions.swift in Sources */ = {isa = PBXBuildFile; fileRef = 52C385EE264DB39700FEC438 /* QuizExtensions.swift */; };
		52C3860D264DC32700FEC438 /* InputValidationTextField.swift in Sources */ = {isa = PBXBuildFile; fileRef = 52C3860C264DC32700FEC438 /* InputValidationTextField.swift */; };
		52C3860F264DC37700FEC438 /* InputValidator.swift in Sources */ = {isa = PBXBuildFile; fileRef = 52C3860E264DC37700FEC438 /* InputValidator.swift */; };
		52C38611264DCD2D00FEC438 /* DownButtonAccessoryView.swift in Sources */ = {isa = PBXBuildFile; fileRef = 52C38610264DCD2D00FEC438 /* DownButtonAccessoryView.swift */; };
		52D17765264AB15A0035FEE8 /* TechnologyExtensions.swift in Sources */ = {isa = PBXBuildFile; fileRef = 52D17764264AB15A0035FEE8 /* TechnologyExtensions.swift */; };
		52D17784264AC8FE0035FEE8 /* ViewController.swift in Sources */ = {isa = PBXBuildFile; fileRef = 52D17782264AC8FE0035FEE8 /* ViewController.swift */; };
		52D90B2B26498DFA00F952D0 /* AppDelegate.swift in Sources */ = {isa = PBXBuildFile; fileRef = 52D90B2A26498DFA00F952D0 /* AppDelegate.swift */; };
		52D90B3226498DFA00F952D0 /* Main.storyboard in Resources */ = {isa = PBXBuildFile; fileRef = 52D90B3026498DFA00F952D0 /* Main.storyboard */; };
		52D90B3726498DFD00F952D0 /* Assets.xcassets in Resources */ = {isa = PBXBuildFile; fileRef = 52D90B3626498DFD00F952D0 /* Assets.xcassets */; };
		52D90B3A26498DFD00F952D0 /* LaunchScreen.storyboard in Resources */ = {isa = PBXBuildFile; fileRef = 52D90B3826498DFD00F952D0 /* LaunchScreen.storyboard */; };
		52D90B9B2649D22600F952D0 /* RemoteAPI.swift in Sources */ = {isa = PBXBuildFile; fileRef = 52D90B9A2649D22600F952D0 /* RemoteAPI.swift */; };
		52D90B9D2649D24F00F952D0 /* CoreDataHelper.swift in Sources */ = {isa = PBXBuildFile; fileRef = 52D90B9C2649D24F00F952D0 /* CoreDataHelper.swift */; };
		52D90B9F2649D33000F952D0 /* QuizLevel.swift in Sources */ = {isa = PBXBuildFile; fileRef = 52D90B9E2649D33000F952D0 /* QuizLevel.swift */; };
		52F0E35A264EA35100B63997 /* AlertViewController.swift in Sources */ = {isa = PBXBuildFile; fileRef = 52F0E358264EA35100B63997 /* AlertViewController.swift */; };
		52F0E35B264EA35100B63997 /* AlertViewController.xib in Resources */ = {isa = PBXBuildFile; fileRef = 52F0E359264EA35100B63997 /* AlertViewController.xib */; };
		52F0E35D264EAE8700B63997 /* AlertButton.swift in Sources */ = {isa = PBXBuildFile; fileRef = 52F0E35C264EAE8700B63997 /* AlertButton.swift */; };
		8390C376777B2BC18A120639 /* Pods_QuizApp.framework in Frameworks */ = {isa = PBXBuildFile; fileRef = 9EABED88BE79A7BCA13BBF94 /* Pods_QuizApp.framework */; };
		B7313C01264CF4C300C90C63 /* Icon.png in Resources */ = {isa = PBXBuildFile; fileRef = B7313C00264CF4C300C90C63 /* Icon.png */; };
		B7313C03264CF59100C90C63 /* ShibaLogin.gif in Resources */ = {isa = PBXBuildFile; fileRef = B7313C02264CF59100C90C63 /* ShibaLogin.gif */; };
		B7313C05264CF68000C90C63 /* ShibaForgot.gif in Resources */ = {isa = PBXBuildFile; fileRef = B7313C04264CF68000C90C63 /* ShibaForgot.gif */; };
		B7313C07264CF6C500C90C63 /* ShibaSignUp.gif in Resources */ = {isa = PBXBuildFile; fileRef = B7313C06264CF6C500C90C63 /* ShibaSignUp.gif */; };
		B75CF69B265184500034731A /* ShibaAdmin.gif in Resources */ = {isa = PBXBuildFile; fileRef = B75CF69A265184500034731A /* ShibaAdmin.gif */; };
		B7F94C3B264B8F5100E87C82 /* ContactUsViewController.xib in Resources */ = {isa = PBXBuildFile; fileRef = B7F94C2E264B8F5100E87C82 /* ContactUsViewController.xib */; };
		B7F94C3C264B8F5100E87C82 /* AboutUsViewController.swift in Sources */ = {isa = PBXBuildFile; fileRef = B7F94C2F264B8F5100E87C82 /* AboutUsViewController.swift */; };
		B7F94C3E264B8F5100E87C82 /* SignUpViewController.swift in Sources */ = {isa = PBXBuildFile; fileRef = B7F94C31264B8F5100E87C82 /* SignUpViewController.swift */; };
		B7F94C3F264B8F5100E87C82 /* ForgotViewController.xib in Resources */ = {isa = PBXBuildFile; fileRef = B7F94C32264B8F5100E87C82 /* ForgotViewController.xib */; };
		B7F94C40264B8F5100E87C82 /* LoginViewController.swift in Sources */ = {isa = PBXBuildFile; fileRef = B7F94C33264B8F5100E87C82 /* LoginViewController.swift */; };
		B7F94C41264B8F5100E87C82 /* AboutUsViewController.xib in Resources */ = {isa = PBXBuildFile; fileRef = B7F94C34264B8F5100E87C82 /* AboutUsViewController.xib */; };
		B7F94C42264B8F5100E87C82 /* LoginViewController.xib in Resources */ = {isa = PBXBuildFile; fileRef = B7F94C35264B8F5100E87C82 /* LoginViewController.xib */; };
		B7F94C43264B8F5100E87C82 /* ShibaAbout.gif in Resources */ = {isa = PBXBuildFile; fileRef = B7F94C36264B8F5100E87C82 /* ShibaAbout.gif */; };
		B7F94C44264B8F5100E87C82 /* SwiftGIF.swift in Sources */ = {isa = PBXBuildFile; fileRef = B7F94C37264B8F5100E87C82 /* SwiftGIF.swift */; };
		B7F94C45264B8F5100E87C82 /* SignUpViewController.xib in Resources */ = {isa = PBXBuildFile; fileRef = B7F94C38264B8F5100E87C82 /* SignUpViewController.xib */; };
		B7F94C46264B8F5100E87C82 /* ContactUsViewController.swift in Sources */ = {isa = PBXBuildFile; fileRef = B7F94C39264B8F5100E87C82 /* ContactUsViewController.swift */; };
		B7F94C47264B8F5100E87C82 /* ForgotViewController.swift in Sources */ = {isa = PBXBuildFile; fileRef = B7F94C3A264B8F5100E87C82 /* ForgotViewController.swift */; };
		B7FDBFC6264D72F2002C8E63 /* ShibaTestMenu.gif in Resources */ = {isa = PBXBuildFile; fileRef = B7FDBFC5264D72F2002C8E63 /* ShibaTestMenu.gif */; };
		B7FDBFC8264D76C7002C8E63 /* ShibaTestMenu2.gif in Resources */ = {isa = PBXBuildFile; fileRef = B7FDBFC7264D76C7002C8E63 /* ShibaTestMenu2.gif */; };
		B7FDBFCA264D7DD7002C8E63 /* Petals.gif in Resources */ = {isa = PBXBuildFile; fileRef = B7FDBFC9264D7DD7002C8E63 /* Petals.gif */; };
/* End PBXBuildFile section */

/* Begin PBXFileReference section */
		18E4215484E0662C8943E368 /* Pods-QuizApp.debug.xcconfig */ = {isa = PBXFileReference; includeInIndex = 1; lastKnownFileType = text.xcconfig; name = "Pods-QuizApp.debug.xcconfig"; path = "Target Support Files/Pods-QuizApp/Pods-QuizApp.debug.xcconfig"; sourceTree = "<group>"; };
		520088D5265167BF004A15D1 /* BaseTableViewCell.swift */ = {isa = PBXFileReference; lastKnownFileType = sourcecode.swift; path = BaseTableViewCell.swift; sourceTree = "<group>"; };
		5221052A264D739500FF89CB /* Dashboard.storyboard */ = {isa = PBXFileReference; fileEncoding = 4; lastKnownFileType = file.storyboard; path = Dashboard.storyboard; sourceTree = "<group>"; };
		5221052C264D73BF00FF89CB /* MainDashboardViewController.swift */ = {isa = PBXFileReference; fileEncoding = 4; lastKnownFileType = sourcecode.swift; path = MainDashboardViewController.swift; sourceTree = "<group>"; };
		5221052D264D73BF00FF89CB /* QuizTakenLabels.swift */ = {isa = PBXFileReference; fileEncoding = 4; lastKnownFileType = sourcecode.swift; path = QuizTakenLabels.swift; sourceTree = "<group>"; };
		52210530264D73CA00FF89CB /* UserDashboardViewController.swift */ = {isa = PBXFileReference; fileEncoding = 4; lastKnownFileType = sourcecode.swift; path = UserDashboardViewController.swift; sourceTree = "<group>"; };
		52210532264D77DF00FF89CB /* UserQuizzesTableViewSectionHeaderCell.swift */ = {isa = PBXFileReference; lastKnownFileType = sourcecode.swift; path = UserQuizzesTableViewSectionHeaderCell.swift; sourceTree = "<group>"; };
		522BFEF5264EE06200A92745 /* InputValidationPasswordTextField.swift */ = {isa = PBXFileReference; lastKnownFileType = sourcecode.swift; path = InputValidationPasswordTextField.swift; sourceTree = "<group>"; };
		522E8EF1264F5F0100F166DB /* AdminDashboardViewController.swift */ = {isa = PBXFileReference; fileEncoding = 4; lastKnownFileType = sourcecode.swift; path = AdminDashboardViewController.swift; sourceTree = "<group>"; };
		522E8EF3264F5F0100F166DB /* AdminQuestionListViewController.swift */ = {isa = PBXFileReference; fileEncoding = 4; lastKnownFileType = sourcecode.swift; path = AdminQuestionListViewController.swift; sourceTree = "<group>"; };
		522E8F0D264F69F300F166DB /* AdminQuestionListPreviewCell.swift */ = {isa = PBXFileReference; lastKnownFileType = sourcecode.swift; path = AdminQuestionListPreviewCell.swift; sourceTree = "<group>"; };
		522E8F0F264F6BB900F166DB /* ShortAnswerQuestionFormExtensions.swift */ = {isa = PBXFileReference; lastKnownFileType = sourcecode.swift; path = ShortAnswerQuestionFormExtensions.swift; sourceTree = "<group>"; };
		522E8F11264F6BE400F166DB /* MultipleChoiceQuestionFormExtensions.swift */ = {isa = PBXFileReference; lastKnownFileType = sourcecode.swift; path = MultipleChoiceQuestionFormExtensions.swift; sourceTree = "<group>"; };
		522F5E3D264C2FEF00E9C3DE /* UIExtensions.swift */ = {isa = PBXFileReference; lastKnownFileType = sourcecode.swift; path = UIExtensions.swift; sourceTree = "<group>"; };
		522F5E3F264C319000E9C3DE /* BaseViewController.swift */ = {isa = PBXFileReference; lastKnownFileType = sourcecode.swift; path = BaseViewController.swift; sourceTree = "<group>"; };
		522F5E45264C336500E9C3DE /* QuizViewController.swift */ = {isa = PBXFileReference; lastKnownFileType = sourcecode.swift; path = QuizViewController.swift; sourceTree = "<group>"; };
		522F5E49264C33E400E9C3DE /* MultipleChoiceQuestionViewController.swift */ = {isa = PBXFileReference; lastKnownFileType = sourcecode.swift; path = MultipleChoiceQuestionViewController.swift; sourceTree = "<group>"; };
		522F5E4B264C33FA00E9C3DE /* ShortAnswerQuestionViewController.swift */ = {isa = PBXFileReference; lastKnownFileType = sourcecode.swift; path = ShortAnswerQuestionViewController.swift; sourceTree = "<group>"; };
		522F5E4D264C3A7700E9C3DE /* CheckboxView.swift */ = {isa = PBXFileReference; lastKnownFileType = sourcecode.swift; path = CheckboxView.swift; sourceTree = "<group>"; };
		522F5E4F264C3BB900E9C3DE /* MultipleChoiceTableViewCell.swift */ = {isa = PBXFileReference; lastKnownFileType = sourcecode.swift; path = MultipleChoiceTableViewCell.swift; sourceTree = "<group>"; };
		524604C92651F62800C19B49 /* Quiz+CoreDataClass.swift */ = {isa = PBXFileReference; lastKnownFileType = sourcecode.swift; path = "Quiz+CoreDataClass.swift"; sourceTree = "<group>"; };
		524604CA2651F62800C19B49 /* Quiz+CoreDataProperties.swift */ = {isa = PBXFileReference; lastKnownFileType = sourcecode.swift; path = "Quiz+CoreDataProperties.swift"; sourceTree = "<group>"; };
		524604CB2651F62800C19B49 /* ShortAnswerQuestionForm+CoreDataClass.swift */ = {isa = PBXFileReference; lastKnownFileType = sourcecode.swift; path = "ShortAnswerQuestionForm+CoreDataClass.swift"; sourceTree = "<group>"; };
		524604CC2651F62800C19B49 /* ShortAnswerQuestionForm+CoreDataProperties.swift */ = {isa = PBXFileReference; lastKnownFileType = sourcecode.swift; path = "ShortAnswerQuestionForm+CoreDataProperties.swift"; sourceTree = "<group>"; };
		524604CD2651F62800C19B49 /* MultipleChoiceQuestion+CoreDataClass.swift */ = {isa = PBXFileReference; lastKnownFileType = sourcecode.swift; path = "MultipleChoiceQuestion+CoreDataClass.swift"; sourceTree = "<group>"; };
		524604CE2651F62800C19B49 /* MultipleChoiceQuestion+CoreDataProperties.swift */ = {isa = PBXFileReference; lastKnownFileType = sourcecode.swift; path = "MultipleChoiceQuestion+CoreDataProperties.swift"; sourceTree = "<group>"; };
		524604CF2651F62800C19B49 /* ShortAnswerQuestion+CoreDataClass.swift */ = {isa = PBXFileReference; lastKnownFileType = sourcecode.swift; path = "ShortAnswerQuestion+CoreDataClass.swift"; sourceTree = "<group>"; };
		524604D02651F62800C19B49 /* ShortAnswerQuestion+CoreDataProperties.swift */ = {isa = PBXFileReference; lastKnownFileType = sourcecode.swift; path = "ShortAnswerQuestion+CoreDataProperties.swift"; sourceTree = "<group>"; };
		524604D12651F62800C19B49 /* User+CoreDataClass.swift */ = {isa = PBXFileReference; lastKnownFileType = sourcecode.swift; path = "User+CoreDataClass.swift"; sourceTree = "<group>"; };
		524604D22651F62800C19B49 /* User+CoreDataProperties.swift */ = {isa = PBXFileReference; lastKnownFileType = sourcecode.swift; path = "User+CoreDataProperties.swift"; sourceTree = "<group>"; };
		524604D32651F62800C19B49 /* MultipleChoiceQuestionForm+CoreDataClass.swift */ = {isa = PBXFileReference; lastKnownFileType = sourcecode.swift; path = "MultipleChoiceQuestionForm+CoreDataClass.swift"; sourceTree = "<group>"; };
		524604D42651F62800C19B49 /* MultipleChoiceQuestionForm+CoreDataProperties.swift */ = {isa = PBXFileReference; lastKnownFileType = sourcecode.swift; path = "MultipleChoiceQuestionForm+CoreDataProperties.swift"; sourceTree = "<group>"; };
		524604D52651F62800C19B49 /* Technology+CoreDataClass.swift */ = {isa = PBXFileReference; lastKnownFileType = sourcecode.swift; path = "Technology+CoreDataClass.swift"; sourceTree = "<group>"; };
		524604D62651F62800C19B49 /* Technology+CoreDataProperties.swift */ = {isa = PBXFileReference; lastKnownFileType = sourcecode.swift; path = "Technology+CoreDataProperties.swift"; sourceTree = "<group>"; };
		5246051C2652D83300C19B49 /* AdminQuestionSelectAttributesCell.swift */ = {isa = PBXFileReference; fileEncoding = 4; lastKnownFileType = sourcecode.swift; path = AdminQuestionSelectAttributesCell.swift; sourceTree = "<group>"; };
		5246051D2652D83300C19B49 /* AdminQuestionSelectAttributesCell.xib */ = {isa = PBXFileReference; fileEncoding = 4; lastKnownFileType = file.xib; path = AdminQuestionSelectAttributesCell.xib; sourceTree = "<group>"; };
		5246051E2652D83300C19B49 /* AdminQuestionButtonsCell.swift */ = {isa = PBXFileReference; fileEncoding = 4; lastKnownFileType = sourcecode.swift; path = AdminQuestionButtonsCell.swift; sourceTree = "<group>"; };
		5246051F2652D83300C19B49 /* AdminQuestionTextViewCell.xib */ = {isa = PBXFileReference; fileEncoding = 4; lastKnownFileType = file.xib; path = AdminQuestionTextViewCell.xib; sourceTree = "<group>"; };
		524605202652D83300C19B49 /* AdminQuestionButtonsCell.xib */ = {isa = PBXFileReference; fileEncoding = 4; lastKnownFileType = file.xib; path = AdminQuestionButtonsCell.xib; sourceTree = "<group>"; };
		524605212652D83300C19B49 /* AdminQuestionNewChoiceCell.swift */ = {isa = PBXFileReference; fileEncoding = 4; lastKnownFileType = sourcecode.swift; path = AdminQuestionNewChoiceCell.swift; sourceTree = "<group>"; };
		524605222652D83300C19B49 /* AdminQuestionNewChoiceCell.xib */ = {isa = PBXFileReference; fileEncoding = 4; lastKnownFileType = file.xib; path = AdminQuestionNewChoiceCell.xib; sourceTree = "<group>"; };
		524605232652D83300C19B49 /* AdminQuestionTextViewCell.swift */ = {isa = PBXFileReference; fileEncoding = 4; lastKnownFileType = sourcecode.swift; path = AdminQuestionTextViewCell.swift; sourceTree = "<group>"; };
		524605242652D83300C19B49 /* AdminQuestionViewController.xib */ = {isa = PBXFileReference; fileEncoding = 4; lastKnownFileType = file.xib; path = AdminQuestionViewController.xib; sourceTree = "<group>"; };
		524605252652D83300C19B49 /* AdminShortAnswerQuestionViewController.swift */ = {isa = PBXFileReference; fileEncoding = 4; lastKnownFileType = sourcecode.swift; path = AdminShortAnswerQuestionViewController.swift; sourceTree = "<group>"; };
		524605262652D83300C19B49 /* AdminQuestionViewController.swift */ = {isa = PBXFileReference; fileEncoding = 4; lastKnownFileType = sourcecode.swift; path = AdminQuestionViewController.swift; sourceTree = "<group>"; };
		524605272652D83300C19B49 /* AdminMultipleChoiceQuestionViewController.swift */ = {isa = PBXFileReference; fileEncoding = 4; lastKnownFileType = sourcecode.swift; path = AdminMultipleChoiceQuestionViewController.swift; sourceTree = "<group>"; };
		524605342652E4DB00C19B49 /* InsetLabel.swift */ = {isa = PBXFileReference; lastKnownFileType = sourcecode.swift; path = InsetLabel.swift; sourceTree = "<group>"; };
		524605372652FF7F00C19B49 /* AdminUserListViewController.swift */ = {isa = PBXFileReference; lastKnownFileType = sourcecode.swift; path = AdminUserListViewController.swift; sourceTree = "<group>"; };
		5246053926531AA200C19B49 /* AdminUserQuizListViewController.swift */ = {isa = PBXFileReference; lastKnownFileType = sourcecode.swift; path = AdminUserQuizListViewController.swift; sourceTree = "<group>"; };
		526B240C264D8CC200E1904C /* UserCurrentQuizTableViewCell.swift */ = {isa = PBXFileReference; fileEncoding = 4; lastKnownFileType = sourcecode.swift; path = UserCurrentQuizTableViewCell.swift; sourceTree = "<group>"; };
		526B240D264D8CC200E1904C /* UserAvailableQuizTableViewCell.swift */ = {isa = PBXFileReference; fileEncoding = 4; lastKnownFileType = sourcecode.swift; path = UserAvailableQuizTableViewCell.swift; sourceTree = "<group>"; };
		526B240E264D8CC200E1904C /* UserCompletedQuizTableViewCell.swift */ = {isa = PBXFileReference; fileEncoding = 4; lastKnownFileType = sourcecode.swift; path = UserCompletedQuizTableViewCell.swift; sourceTree = "<group>"; };
		527E902F2649D9C500FB7E71 /* BCryptHasher.swift */ = {isa = PBXFileReference; fileEncoding = 4; lastKnownFileType = sourcecode.swift; path = BCryptHasher.swift; sourceTree = "<group>"; };
		527E90302649D9C500FB7E71 /* KeychainHelper.swift */ = {isa = PBXFileReference; fileEncoding = 4; lastKnownFileType = sourcecode.swift; path = KeychainHelper.swift; sourceTree = "<group>"; };
		527E90332649D9CE00FB7E71 /* LoginCredentials.swift */ = {isa = PBXFileReference; fileEncoding = 4; lastKnownFileType = sourcecode.swift; path = LoginCredentials.swift; sourceTree = "<group>"; };
		529A7E87264C7646006A56FA /* SimpleUserDashboardViewController.swift */ = {isa = PBXFileReference; lastKnownFileType = sourcecode.swift; path = SimpleUserDashboardViewController.swift; sourceTree = "<group>"; };
		529F0634264C9EDE006984BB /* QuizApp.xcdatamodel */ = {isa = PBXFileReference; lastKnownFileType = wrapper.xcdatamodel; path = QuizApp.xcdatamodel; sourceTree = "<group>"; };
		529F0652264CA71F006984BB /* QuizQuestionOrQuestionForm.swift */ = {isa = PBXFileReference; lastKnownFileType = sourcecode.swift; path = QuizQuestionOrQuestionForm.swift; sourceTree = "<group>"; };
		529F0654264CA73B006984BB /* ShortAnswerQuestionExtensions.swift */ = {isa = PBXFileReference; lastKnownFileType = sourcecode.swift; path = ShortAnswerQuestionExtensions.swift; sourceTree = "<group>"; };
		529F0656264CA761006984BB /* MultipleChoiceQuestionExtensions.swift */ = {isa = PBXFileReference; lastKnownFileType = sourcecode.swift; path = MultipleChoiceQuestionExtensions.swift; sourceTree = "<group>"; };
		529F0658264CA89A006984BB /* QuizQuestionViewController.swift */ = {isa = PBXFileReference; lastKnownFileType = sourcecode.swift; path = QuizQuestionViewController.swift; sourceTree = "<group>"; };
		52AFF28F264F71AB00D3B889 /* AdminDashboardChildViewController.swift */ = {isa = PBXFileReference; lastKnownFileType = sourcecode.swift; path = AdminDashboardChildViewController.swift; sourceTree = "<group>"; };
		52C385EC264DA24200FEC438 /* UserExtensions.swift */ = {isa = PBXFileReference; lastKnownFileType = sourcecode.swift; path = UserExtensions.swift; sourceTree = "<group>"; };
		52C385EE264DB39700FEC438 /* QuizExtensions.swift */ = {isa = PBXFileReference; lastKnownFileType = sourcecode.swift; path = QuizExtensions.swift; sourceTree = "<group>"; };
		52C3860C264DC32700FEC438 /* InputValidationTextField.swift */ = {isa = PBXFileReference; fileEncoding = 4; lastKnownFileType = sourcecode.swift; path = InputValidationTextField.swift; sourceTree = "<group>"; };
		52C3860E264DC37700FEC438 /* InputValidator.swift */ = {isa = PBXFileReference; lastKnownFileType = sourcecode.swift; path = InputValidator.swift; sourceTree = "<group>"; };
		52C38610264DCD2D00FEC438 /* DownButtonAccessoryView.swift */ = {isa = PBXFileReference; fileEncoding = 4; lastKnownFileType = sourcecode.swift; path = DownButtonAccessoryView.swift; sourceTree = "<group>"; };
		52D17764264AB15A0035FEE8 /* TechnologyExtensions.swift */ = {isa = PBXFileReference; lastKnownFileType = sourcecode.swift; path = TechnologyExtensions.swift; sourceTree = "<group>"; };
		52D17782264AC8FE0035FEE8 /* ViewController.swift */ = {isa = PBXFileReference; lastKnownFileType = sourcecode.swift; path = ViewController.swift; sourceTree = "<group>"; };
		52D90B2726498DFA00F952D0 /* QuizApp.app */ = {isa = PBXFileReference; explicitFileType = wrapper.application; includeInIndex = 0; path = QuizApp.app; sourceTree = BUILT_PRODUCTS_DIR; };
		52D90B2A26498DFA00F952D0 /* AppDelegate.swift */ = {isa = PBXFileReference; lastKnownFileType = sourcecode.swift; path = AppDelegate.swift; sourceTree = "<group>"; };
		52D90B3126498DFA00F952D0 /* Base */ = {isa = PBXFileReference; lastKnownFileType = file.storyboard; name = Base; path = Base.lproj/Main.storyboard; sourceTree = "<group>"; };
		52D90B3626498DFD00F952D0 /* Assets.xcassets */ = {isa = PBXFileReference; lastKnownFileType = folder.assetcatalog; path = Assets.xcassets; sourceTree = "<group>"; };
		52D90B3926498DFD00F952D0 /* Base */ = {isa = PBXFileReference; lastKnownFileType = file.storyboard; name = Base; path = Base.lproj/LaunchScreen.storyboard; sourceTree = "<group>"; };
		52D90B3B26498DFD00F952D0 /* Info.plist */ = {isa = PBXFileReference; lastKnownFileType = text.plist.xml; path = Info.plist; sourceTree = "<group>"; };
		52D90B9A2649D22600F952D0 /* RemoteAPI.swift */ = {isa = PBXFileReference; lastKnownFileType = sourcecode.swift; path = RemoteAPI.swift; sourceTree = "<group>"; };
		52D90B9C2649D24F00F952D0 /* CoreDataHelper.swift */ = {isa = PBXFileReference; lastKnownFileType = sourcecode.swift; path = CoreDataHelper.swift; sourceTree = "<group>"; };
		52D90B9E2649D33000F952D0 /* QuizLevel.swift */ = {isa = PBXFileReference; lastKnownFileType = sourcecode.swift; path = QuizLevel.swift; sourceTree = "<group>"; };
		52F0E358264EA35100B63997 /* AlertViewController.swift */ = {isa = PBXFileReference; lastKnownFileType = sourcecode.swift; path = AlertViewController.swift; sourceTree = "<group>"; };
		52F0E359264EA35100B63997 /* AlertViewController.xib */ = {isa = PBXFileReference; lastKnownFileType = file.xib; path = AlertViewController.xib; sourceTree = "<group>"; };
		52F0E35C264EAE8700B63997 /* AlertButton.swift */ = {isa = PBXFileReference; lastKnownFileType = sourcecode.swift; path = AlertButton.swift; sourceTree = "<group>"; };
		9EABED88BE79A7BCA13BBF94 /* Pods_QuizApp.framework */ = {isa = PBXFileReference; explicitFileType = wrapper.framework; includeInIndex = 0; path = Pods_QuizApp.framework; sourceTree = BUILT_PRODUCTS_DIR; };
		AB0DD3544B68EC447FBFB5EA /* Pods-QuizApp.release.xcconfig */ = {isa = PBXFileReference; includeInIndex = 1; lastKnownFileType = text.xcconfig; name = "Pods-QuizApp.release.xcconfig"; path = "Target Support Files/Pods-QuizApp/Pods-QuizApp.release.xcconfig"; sourceTree = "<group>"; };
		B7313C00264CF4C300C90C63 /* Icon.png */ = {isa = PBXFileReference; lastKnownFileType = image.png; path = Icon.png; sourceTree = "<group>"; };
		B7313C02264CF59100C90C63 /* ShibaLogin.gif */ = {isa = PBXFileReference; lastKnownFileType = image.gif; path = ShibaLogin.gif; sourceTree = "<group>"; };
		B7313C04264CF68000C90C63 /* ShibaForgot.gif */ = {isa = PBXFileReference; lastKnownFileType = image.gif; path = ShibaForgot.gif; sourceTree = "<group>"; };
		B7313C06264CF6C500C90C63 /* ShibaSignUp.gif */ = {isa = PBXFileReference; lastKnownFileType = image.gif; path = ShibaSignUp.gif; sourceTree = "<group>"; };
		B75CF69A265184500034731A /* ShibaAdmin.gif */ = {isa = PBXFileReference; lastKnownFileType = image.gif; path = ShibaAdmin.gif; sourceTree = "<group>"; };
		B7F94C2E264B8F5100E87C82 /* ContactUsViewController.xib */ = {isa = PBXFileReference; fileEncoding = 4; lastKnownFileType = file.xib; path = ContactUsViewController.xib; sourceTree = "<group>"; };
		B7F94C2F264B8F5100E87C82 /* AboutUsViewController.swift */ = {isa = PBXFileReference; fileEncoding = 4; lastKnownFileType = sourcecode.swift; path = AboutUsViewController.swift; sourceTree = "<group>"; };
		B7F94C31264B8F5100E87C82 /* SignUpViewController.swift */ = {isa = PBXFileReference; fileEncoding = 4; lastKnownFileType = sourcecode.swift; path = SignUpViewController.swift; sourceTree = "<group>"; };
		B7F94C32264B8F5100E87C82 /* ForgotViewController.xib */ = {isa = PBXFileReference; fileEncoding = 4; lastKnownFileType = file.xib; path = ForgotViewController.xib; sourceTree = "<group>"; };
		B7F94C33264B8F5100E87C82 /* LoginViewController.swift */ = {isa = PBXFileReference; fileEncoding = 4; lastKnownFileType = sourcecode.swift; path = LoginViewController.swift; sourceTree = "<group>"; };
		B7F94C34264B8F5100E87C82 /* AboutUsViewController.xib */ = {isa = PBXFileReference; fileEncoding = 4; lastKnownFileType = file.xib; path = AboutUsViewController.xib; sourceTree = "<group>"; };
		B7F94C35264B8F5100E87C82 /* LoginViewController.xib */ = {isa = PBXFileReference; fileEncoding = 4; lastKnownFileType = file.xib; path = LoginViewController.xib; sourceTree = "<group>"; };
		B7F94C36264B8F5100E87C82 /* ShibaAbout.gif */ = {isa = PBXFileReference; lastKnownFileType = image.gif; path = ShibaAbout.gif; sourceTree = "<group>"; };
		B7F94C37264B8F5100E87C82 /* SwiftGIF.swift */ = {isa = PBXFileReference; fileEncoding = 4; lastKnownFileType = sourcecode.swift; path = SwiftGIF.swift; sourceTree = "<group>"; };
		B7F94C38264B8F5100E87C82 /* SignUpViewController.xib */ = {isa = PBXFileReference; fileEncoding = 4; lastKnownFileType = file.xib; path = SignUpViewController.xib; sourceTree = "<group>"; };
		B7F94C39264B8F5100E87C82 /* ContactUsViewController.swift */ = {isa = PBXFileReference; fileEncoding = 4; lastKnownFileType = sourcecode.swift; path = ContactUsViewController.swift; sourceTree = "<group>"; };
		B7F94C3A264B8F5100E87C82 /* ForgotViewController.swift */ = {isa = PBXFileReference; fileEncoding = 4; lastKnownFileType = sourcecode.swift; path = ForgotViewController.swift; sourceTree = "<group>"; };
		B7FDBFC5264D72F2002C8E63 /* ShibaTestMenu.gif */ = {isa = PBXFileReference; lastKnownFileType = image.gif; path = ShibaTestMenu.gif; sourceTree = "<group>"; };
		B7FDBFC7264D76C7002C8E63 /* ShibaTestMenu2.gif */ = {isa = PBXFileReference; lastKnownFileType = image.gif; path = ShibaTestMenu2.gif; sourceTree = "<group>"; };
		B7FDBFC9264D7DD7002C8E63 /* Petals.gif */ = {isa = PBXFileReference; lastKnownFileType = image.gif; path = Petals.gif; sourceTree = "<group>"; };
/* End PBXFileReference section */

/* Begin PBXFrameworksBuildPhase section */
		52D90B2426498DFA00F952D0 /* Frameworks */ = {
			isa = PBXFrameworksBuildPhase;
			buildActionMask = 2147483647;
			files = (
				8390C376777B2BC18A120639 /* Pods_QuizApp.framework in Frameworks */,
			);
			runOnlyForDeploymentPostprocessing = 0;
		};
/* End PBXFrameworksBuildPhase section */

/* Begin PBXGroup section */
		52210534264D7C8C00FF89CB /* Extensions */ = {
			isa = PBXGroup;
			children = (
				529F0654264CA73B006984BB /* ShortAnswerQuestionExtensions.swift */,
				529F0656264CA761006984BB /* MultipleChoiceQuestionExtensions.swift */,
				522E8F0F264F6BB900F166DB /* ShortAnswerQuestionFormExtensions.swift */,
				522E8F11264F6BE400F166DB /* MultipleChoiceQuestionFormExtensions.swift */,
				529F0652264CA71F006984BB /* QuizQuestionOrQuestionForm.swift */,
				52D17764264AB15A0035FEE8 /* TechnologyExtensions.swift */,
				52C385EC264DA24200FEC438 /* UserExtensions.swift */,
				52C385EE264DB39700FEC438 /* QuizExtensions.swift */,
			);
			path = Extensions;
			sourceTree = "<group>";
		};
		52210551264D7D2A00FF89CB /* old */ = {
			isa = PBXGroup;
			children = (
				529A7E87264C7646006A56FA /* SimpleUserDashboardViewController.swift */,
			);
			path = old;
			sourceTree = "<group>";
		};
		522E8EF0264F5F0100F166DB /* Admin */ = {
			isa = PBXGroup;
			children = (
				52AFF28F264F71AB00D3B889 /* AdminDashboardChildViewController.swift */,
				522E8EF1264F5F0100F166DB /* AdminDashboardViewController.swift */,
				524605362652FF3700C19B49 /* Users */,
				5246051A2652D83300C19B49 /* Questions */,
			);
			path = Admin;
			sourceTree = "<group>";
		};
		522F5E42264C32F200E9C3DE /* Quiz */ = {
			isa = PBXGroup;
			children = (
				522F5E49264C33E400E9C3DE /* MultipleChoiceQuestionViewController.swift */,
				522F5E4F264C3BB900E9C3DE /* MultipleChoiceTableViewCell.swift */,
				529F0658264CA89A006984BB /* QuizQuestionViewController.swift */,
				522F5E45264C336500E9C3DE /* QuizViewController.swift */,
				522F5E4B264C33FA00E9C3DE /* ShortAnswerQuestionViewController.swift */,
			);
			path = Quiz;
			sourceTree = "<group>";
		};
		5246051A2652D83300C19B49 /* Questions */ = {
			isa = PBXGroup;
			children = (
				522E8F0D264F69F300F166DB /* AdminQuestionListPreviewCell.swift */,
				522E8EF3264F5F0100F166DB /* AdminQuestionListViewController.swift */,
				5246051B2652D83300C19B49 /* Cells */,
				524605242652D83300C19B49 /* AdminQuestionViewController.xib */,
				524605252652D83300C19B49 /* AdminShortAnswerQuestionViewController.swift */,
				524605262652D83300C19B49 /* AdminQuestionViewController.swift */,
				524605272652D83300C19B49 /* AdminMultipleChoiceQuestionViewController.swift */,
			);
			path = Questions;
			sourceTree = "<group>";
		};
		5246051B2652D83300C19B49 /* Cells */ = {
			isa = PBXGroup;
			children = (
				5246051C2652D83300C19B49 /* AdminQuestionSelectAttributesCell.swift */,
				5246051D2652D83300C19B49 /* AdminQuestionSelectAttributesCell.xib */,
				5246051E2652D83300C19B49 /* AdminQuestionButtonsCell.swift */,
				5246051F2652D83300C19B49 /* AdminQuestionTextViewCell.xib */,
				524605202652D83300C19B49 /* AdminQuestionButtonsCell.xib */,
				524605212652D83300C19B49 /* AdminQuestionNewChoiceCell.swift */,
				524605222652D83300C19B49 /* AdminQuestionNewChoiceCell.xib */,
				524605232652D83300C19B49 /* AdminQuestionTextViewCell.swift */,
			);
			path = Cells;
			sourceTree = "<group>";
		};
		524605362652FF3700C19B49 /* Users */ = {
			isa = PBXGroup;
			children = (
				524605372652FF7F00C19B49 /* AdminUserListViewController.swift */,
				5246053926531AA200C19B49 /* AdminUserQuizListViewController.swift */,
			);
			path = Users;
			sourceTree = "<group>";
		};
		527E902E2649D9A700FB7E71 /* util */ = {
			isa = PBXGroup;
			children = (
				527E902F2649D9C500FB7E71 /* BCryptHasher.swift */,
				527E90302649D9C500FB7E71 /* KeychainHelper.swift */,
				527E90332649D9CE00FB7E71 /* LoginCredentials.swift */,
				52C3860E264DC37700FEC438 /* InputValidator.swift */,
			);
			path = util;
			sourceTree = "<group>";
		};
		529A7E84264C7607006A56FA /* User Dashboard */ = {
			isa = PBXGroup;
			children = (
				52210551264D7D2A00FF89CB /* old */,
				52210532264D77DF00FF89CB /* UserQuizzesTableViewSectionHeaderCell.swift */,
				5221052A264D739500FF89CB /* Dashboard.storyboard */,
				526B240D264D8CC200E1904C /* UserAvailableQuizTableViewCell.swift */,
				526B240E264D8CC200E1904C /* UserCompletedQuizTableViewCell.swift */,
				526B240C264D8CC200E1904C /* UserCurrentQuizTableViewCell.swift */,
				5221052C264D73BF00FF89CB /* MainDashboardViewController.swift */,
				5221052D264D73BF00FF89CB /* QuizTakenLabels.swift */,
				52210530264D73CA00FF89CB /* UserDashboardViewController.swift */,
			);
			path = "User Dashboard";
			sourceTree = "<group>";
		};
		52D90B1E26498DFA00F952D0 = {
			isa = PBXGroup;
			children = (
				52D90B2926498DFA00F952D0 /* QuizApp */,
				B6582830EF8256CD3FF71EC7 /* Frameworks */,
				D9E7EDCF3836C211B7D31C7F /* Pods */,
				52D90B2826498DFA00F952D0 /* Products */,
			);
			sourceTree = "<group>";
		};
		52D90B2826498DFA00F952D0 /* Products */ = {
			isa = PBXGroup;
			children = (
				52D90B2726498DFA00F952D0 /* QuizApp.app */,
			);
			name = Products;
			sourceTree = "<group>";
		};
		52D90B2926498DFA00F952D0 /* QuizApp */ = {
			isa = PBXGroup;
			children = (
				527E902E2649D9A700FB7E71 /* util */,
				52D90B982649D1D900F952D0 /* Model */,
				52D90BA02649D45700F952D0 /* UI */,
				52D90B3626498DFD00F952D0 /* Assets.xcassets */,
				52D90B3B26498DFD00F952D0 /* Info.plist */,
			);
			path = QuizApp;
			sourceTree = "<group>";
		};
		52D90B982649D1D900F952D0 /* Model */ = {
			isa = PBXGroup;
			children = (
				52D90B992649D1E400F952D0 /* NSManagedObject Subclasses */,
				52D90B9C2649D24F00F952D0 /* CoreDataHelper.swift */,
				52D90B9E2649D33000F952D0 /* QuizLevel.swift */,
				52D90B9A2649D22600F952D0 /* RemoteAPI.swift */,
				529F0633264C9EDE006984BB /* QuizApp.xcdatamodeld */,
			);
			path = Model;
			sourceTree = "<group>";
		};
		52D90B992649D1E400F952D0 /* NSManagedObject Subclasses */ = {
			isa = PBXGroup;
			children = (
				524604C92651F62800C19B49 /* Quiz+CoreDataClass.swift */,
				524604CA2651F62800C19B49 /* Quiz+CoreDataProperties.swift */,
				524604CB2651F62800C19B49 /* ShortAnswerQuestionForm+CoreDataClass.swift */,
				524604CC2651F62800C19B49 /* ShortAnswerQuestionForm+CoreDataProperties.swift */,
				524604CD2651F62800C19B49 /* MultipleChoiceQuestion+CoreDataClass.swift */,
				524604CE2651F62800C19B49 /* MultipleChoiceQuestion+CoreDataProperties.swift */,
				524604CF2651F62800C19B49 /* ShortAnswerQuestion+CoreDataClass.swift */,
				524604D02651F62800C19B49 /* ShortAnswerQuestion+CoreDataProperties.swift */,
				524604D12651F62800C19B49 /* User+CoreDataClass.swift */,
				524604D22651F62800C19B49 /* User+CoreDataProperties.swift */,
				524604D32651F62800C19B49 /* MultipleChoiceQuestionForm+CoreDataClass.swift */,
				524604D42651F62800C19B49 /* MultipleChoiceQuestionForm+CoreDataProperties.swift */,
				524604D52651F62800C19B49 /* Technology+CoreDataClass.swift */,
				524604D62651F62800C19B49 /* Technology+CoreDataProperties.swift */,
				52210534264D7C8C00FF89CB /* Extensions */,
			);
			path = "NSManagedObject Subclasses";
			sourceTree = "<group>";
		};
		52D90BA02649D45700F952D0 /* UI */ = {
			isa = PBXGroup;
			children = (
				524605342652E4DB00C19B49 /* InsetLabel.swift */,
				52C3860C264DC32700FEC438 /* InputValidationTextField.swift */,
				522BFEF5264EE06200A92745 /* InputValidationPasswordTextField.swift */,
				52C38610264DCD2D00FEC438 /* DownButtonAccessoryView.swift */,
				522F5E3F264C319000E9C3DE /* BaseViewController.swift */,
				522F5E4D264C3A7700E9C3DE /* CheckboxView.swift */,
				52F0E358264EA35100B63997 /* AlertViewController.swift */,
				52F0E359264EA35100B63997 /* AlertViewController.xib */,
				52F0E35C264EAE8700B63997 /* AlertButton.swift */,
				B7F94C2B264B8ECA00E87C82 /* Login */,
				522F5E42264C32F200E9C3DE /* Quiz */,
				529A7E84264C7607006A56FA /* User Dashboard */,
				522E8EF0264F5F0100F166DB /* Admin */,
				52D90B2A26498DFA00F952D0 /* AppDelegate.swift */,
				52D90B3826498DFD00F952D0 /* LaunchScreen.storyboard */,
				52D90B3026498DFA00F952D0 /* Main.storyboard */,
				522F5E3D264C2FEF00E9C3DE /* UIExtensions.swift */,
				52D17782264AC8FE0035FEE8 /* ViewController.swift */,
				520088D5265167BF004A15D1 /* BaseTableViewCell.swift */,
			);
			path = UI;
			sourceTree = "<group>";
		};
		B6582830EF8256CD3FF71EC7 /* Frameworks */ = {
			isa = PBXGroup;
			children = (
				9EABED88BE79A7BCA13BBF94 /* Pods_QuizApp.framework */,
			);
			name = Frameworks;
			sourceTree = "<group>";
		};
		B7F94C2B264B8ECA00E87C82 /* Login */ = {
			isa = PBXGroup;
			children = (
				B7F94C2F264B8F5100E87C82 /* AboutUsViewController.swift */,
				B7F94C34264B8F5100E87C82 /* AboutUsViewController.xib */,
				B7F94C39264B8F5100E87C82 /* ContactUsViewController.swift */,
				B7F94C2E264B8F5100E87C82 /* ContactUsViewController.xib */,
				B7F94C3A264B8F5100E87C82 /* ForgotViewController.swift */,
				B7F94C32264B8F5100E87C82 /* ForgotViewController.xib */,
				B7F94C33264B8F5100E87C82 /* LoginViewController.swift */,
				B7F94C35264B8F5100E87C82 /* LoginViewController.xib */,
				B7F94C31264B8F5100E87C82 /* SignUpViewController.swift */,
				B7F94C38264B8F5100E87C82 /* SignUpViewController.xib */,
				B7F94C37264B8F5100E87C82 /* SwiftGIF.swift */,
				B7313C02264CF59100C90C63 /* ShibaLogin.gif */,
				B7313C04264CF68000C90C63 /* ShibaForgot.gif */,
				B7313C06264CF6C500C90C63 /* ShibaSignUp.gif */,
				B7F94C36264B8F5100E87C82 /* ShibaAbout.gif */,
				B7FDBFC5264D72F2002C8E63 /* ShibaTestMenu.gif */,
				B7FDBFC7264D76C7002C8E63 /* ShibaTestMenu2.gif */,
				B75CF69A265184500034731A /* ShibaAdmin.gif */,
				B7FDBFC9264D7DD7002C8E63 /* Petals.gif */,
				B7313C00264CF4C300C90C63 /* Icon.png */,
			);
			path = Login;
			sourceTree = "<group>";
		};
		D9E7EDCF3836C211B7D31C7F /* Pods */ = {
			isa = PBXGroup;
			children = (
				18E4215484E0662C8943E368 /* Pods-QuizApp.debug.xcconfig */,
				AB0DD3544B68EC447FBFB5EA /* Pods-QuizApp.release.xcconfig */,
			);
			path = Pods;
			sourceTree = "<group>";
		};
/* End PBXGroup section */

/* Begin PBXNativeTarget section */
		52D90B2626498DFA00F952D0 /* QuizApp */ = {
			isa = PBXNativeTarget;
			buildConfigurationList = 52D90B3E26498DFD00F952D0 /* Build configuration list for PBXNativeTarget "QuizApp" */;
			buildPhases = (
				791D2CB80EF25F141E99CDF8 /* [CP] Check Pods Manifest.lock */,
				52D90B2326498DFA00F952D0 /* Sources */,
				52D90B2426498DFA00F952D0 /* Frameworks */,
				52D90B2526498DFA00F952D0 /* Resources */,
				A1B6F86CFAA80BD56D151356 /* [CP] Embed Pods Frameworks */,
			);
			buildRules = (
			);
			dependencies = (
			);
			name = QuizApp;
			productName = QuizApp;
			productReference = 52D90B2726498DFA00F952D0 /* QuizApp.app */;
			productType = "com.apple.product-type.application";
		};
/* End PBXNativeTarget section */

/* Begin PBXProject section */
		52D90B1F26498DFA00F952D0 /* Project object */ = {
			isa = PBXProject;
			attributes = {
				LastSwiftUpdateCheck = 1250;
				LastUpgradeCheck = 1250;
				TargetAttributes = {
					52D90B2626498DFA00F952D0 = {
						CreatedOnToolsVersion = 12.5;
					};
				};
			};
			buildConfigurationList = 52D90B2226498DFA00F952D0 /* Build configuration list for PBXProject "QuizApp" */;
			compatibilityVersion = "Xcode 9.3";
			developmentRegion = en;
			hasScannedForEncodings = 0;
			knownRegions = (
				en,
				Base,
			);
			mainGroup = 52D90B1E26498DFA00F952D0;
			productRefGroup = 52D90B2826498DFA00F952D0 /* Products */;
			projectDirPath = "";
			projectRoot = "";
			targets = (
				52D90B2626498DFA00F952D0 /* QuizApp */,
			);
		};
/* End PBXProject section */

/* Begin PBXResourcesBuildPhase section */
		52D90B2526498DFA00F952D0 /* Resources */ = {
			isa = PBXResourcesBuildPhase;
			buildActionMask = 2147483647;
			files = (
				B7F94C45264B8F5100E87C82 /* SignUpViewController.xib in Resources */,
				B7F94C42264B8F5100E87C82 /* LoginViewController.xib in Resources */,
				B7313C01264CF4C300C90C63 /* Icon.png in Resources */,
				B75CF69B265184500034731A /* ShibaAdmin.gif in Resources */,
				52D90B3A26498DFD00F952D0 /* LaunchScreen.storyboard in Resources */,
				B7F94C41264B8F5100E87C82 /* AboutUsViewController.xib in Resources */,
				5246052B2652D83400C19B49 /* AdminQuestionTextViewCell.xib in Resources */,
				5246052E2652D83400C19B49 /* AdminQuestionNewChoiceCell.xib in Resources */,
				5221052B264D739500FF89CB /* Dashboard.storyboard in Resources */,
				B7F94C43264B8F5100E87C82 /* ShibaAbout.gif in Resources */,
				52D90B3726498DFD00F952D0 /* Assets.xcassets in Resources */,
				B7313C07264CF6C500C90C63 /* ShibaSignUp.gif in Resources */,
				B7313C05264CF68000C90C63 /* ShibaForgot.gif in Resources */,
				B7FDBFC6264D72F2002C8E63 /* ShibaTestMenu.gif in Resources */,
				5246052C2652D83400C19B49 /* AdminQuestionButtonsCell.xib in Resources */,
				52F0E35B264EA35100B63997 /* AlertViewController.xib in Resources */,
				524605302652D83400C19B49 /* AdminQuestionViewController.xib in Resources */,
				B7F94C3F264B8F5100E87C82 /* ForgotViewController.xib in Resources */,
				524605292652D83400C19B49 /* AdminQuestionSelectAttributesCell.xib in Resources */,
				52D90B3226498DFA00F952D0 /* Main.storyboard in Resources */,
				B7FDBFCA264D7DD7002C8E63 /* Petals.gif in Resources */,
				B7313C03264CF59100C90C63 /* ShibaLogin.gif in Resources */,
				B7FDBFC8264D76C7002C8E63 /* ShibaTestMenu2.gif in Resources */,
				B7F94C3B264B8F5100E87C82 /* ContactUsViewController.xib in Resources */,
			);
			runOnlyForDeploymentPostprocessing = 0;
		};
/* End PBXResourcesBuildPhase section */

/* Begin PBXShellScriptBuildPhase section */
		791D2CB80EF25F141E99CDF8 /* [CP] Check Pods Manifest.lock */ = {
			isa = PBXShellScriptBuildPhase;
			buildActionMask = 2147483647;
			files = (
			);
			inputFileListPaths = (
			);
			inputPaths = (
				"${PODS_PODFILE_DIR_PATH}/Podfile.lock",
				"${PODS_ROOT}/Manifest.lock",
			);
			name = "[CP] Check Pods Manifest.lock";
			outputFileListPaths = (
			);
			outputPaths = (
				"$(DERIVED_FILE_DIR)/Pods-QuizApp-checkManifestLockResult.txt",
			);
			runOnlyForDeploymentPostprocessing = 0;
			shellPath = /bin/sh;
			shellScript = "diff \"${PODS_PODFILE_DIR_PATH}/Podfile.lock\" \"${PODS_ROOT}/Manifest.lock\" > /dev/null\nif [ $? != 0 ] ; then\n    # print error to STDERR\n    echo \"error: The sandbox is not in sync with the Podfile.lock. Run 'pod install' or update your CocoaPods installation.\" >&2\n    exit 1\nfi\n# This output is used by Xcode 'outputs' to avoid re-running this script phase.\necho \"SUCCESS\" > \"${SCRIPT_OUTPUT_FILE_0}\"\n";
			showEnvVarsInLog = 0;
		};
		A1B6F86CFAA80BD56D151356 /* [CP] Embed Pods Frameworks */ = {
			isa = PBXShellScriptBuildPhase;
			buildActionMask = 2147483647;
			files = (
			);
			inputFileListPaths = (
				"${PODS_ROOT}/Target Support Files/Pods-QuizApp/Pods-QuizApp-frameworks-${CONFIGURATION}-input-files.xcfilelist",
			);
			name = "[CP] Embed Pods Frameworks";
			outputFileListPaths = (
				"${PODS_ROOT}/Target Support Files/Pods-QuizApp/Pods-QuizApp-frameworks-${CONFIGURATION}-output-files.xcfilelist",
			);
			runOnlyForDeploymentPostprocessing = 0;
			shellPath = /bin/sh;
			shellScript = "\"${PODS_ROOT}/Target Support Files/Pods-QuizApp/Pods-QuizApp-frameworks.sh\"\n";
			showEnvVarsInLog = 0;
		};
/* End PBXShellScriptBuildPhase section */

/* Begin PBXSourcesBuildPhase section */
		52D90B2326498DFA00F952D0 /* Sources */ = {
			isa = PBXSourcesBuildPhase;
			buildActionMask = 2147483647;
			files = (
				52C385EF264DB39700FEC438 /* QuizExtensions.swift in Sources */,
				5221052F264D73BF00FF89CB /* QuizTakenLabels.swift in Sources */,
				52D17784264AC8FE0035FEE8 /* ViewController.swift in Sources */,
				522F5E3E264C2FEF00E9C3DE /* UIExtensions.swift in Sources */,
				529F0655264CA73B006984BB /* ShortAnswerQuestionExtensions.swift in Sources */,
				52C3860D264DC32700FEC438 /* InputValidationTextField.swift in Sources */,
				524604E02651F62800C19B49 /* User+CoreDataProperties.swift in Sources */,
				5221052E264D73BF00FF89CB /* MainDashboardViewController.swift in Sources */,
				524604DF2651F62800C19B49 /* User+CoreDataClass.swift in Sources */,
				52AFF290264F71AB00D3B889 /* AdminDashboardChildViewController.swift in Sources */,
				524604DA2651F62800C19B49 /* ShortAnswerQuestionForm+CoreDataProperties.swift in Sources */,
				B7F94C3C264B8F5100E87C82 /* AboutUsViewController.swift in Sources */,
				524604D72651F62800C19B49 /* Quiz+CoreDataClass.swift in Sources */,
				526B240F264D8CC200E1904C /* UserCurrentQuizTableViewCell.swift in Sources */,
				527E90342649D9CE00FB7E71 /* LoginCredentials.swift in Sources */,
				527E90312649D9C500FB7E71 /* BCryptHasher.swift in Sources */,
				5246053A26531AA300C19B49 /* AdminUserQuizListViewController.swift in Sources */,
				B7F94C47264B8F5100E87C82 /* ForgotViewController.swift in Sources */,
				522E8F0E264F69F300F166DB /* AdminQuestionListPreviewCell.swift in Sources */,
				520088D6265167BF004A15D1 /* BaseTableViewCell.swift in Sources */,
				B7F94C40264B8F5100E87C82 /* LoginViewController.swift in Sources */,
				524604E42651F62800C19B49 /* Technology+CoreDataProperties.swift in Sources */,
				522E8F00264F5F0100F166DB /* AdminDashboardViewController.swift in Sources */,
				522F5E40264C319000E9C3DE /* BaseViewController.swift in Sources */,
				522E8F10264F6BB900F166DB /* ShortAnswerQuestionFormExtensions.swift in Sources */,
				524604DE2651F62800C19B49 /* ShortAnswerQuestion+CoreDataProperties.swift in Sources */,
				529F0659264CA89A006984BB /* QuizQuestionViewController.swift in Sources */,
				524605312652D83400C19B49 /* AdminShortAnswerQuestionViewController.swift in Sources */,
				52C38611264DCD2D00FEC438 /* DownButtonAccessoryView.swift in Sources */,
				524605322652D83400C19B49 /* AdminQuestionViewController.swift in Sources */,
				5246052D2652D83400C19B49 /* AdminQuestionNewChoiceCell.swift in Sources */,
				529A7E88264C7646006A56FA /* SimpleUserDashboardViewController.swift in Sources */,
				52D90B9B2649D22600F952D0 /* RemoteAPI.swift in Sources */,
				524604E32651F62800C19B49 /* Technology+CoreDataClass.swift in Sources */,
				522F5E4C264C33FA00E9C3DE /* ShortAnswerQuestionViewController.swift in Sources */,
				5246052A2652D83400C19B49 /* AdminQuestionButtonsCell.swift in Sources */,
				524605282652D83400C19B49 /* AdminQuestionSelectAttributesCell.swift in Sources */,
				526B2410264D8CC200E1904C /* UserAvailableQuizTableViewCell.swift in Sources */,
				52F0E35D264EAE8700B63997 /* AlertButton.swift in Sources */,
				52D90B9F2649D33000F952D0 /* QuizLevel.swift in Sources */,
				524604DB2651F62800C19B49 /* MultipleChoiceQuestion+CoreDataClass.swift in Sources */,
				526B2411264D8CC200E1904C /* UserCompletedQuizTableViewCell.swift in Sources */,
				524604D82651F62800C19B49 /* Quiz+CoreDataProperties.swift in Sources */,
				529F0657264CA761006984BB /* MultipleChoiceQuestionExtensions.swift in Sources */,
				B7F94C44264B8F5100E87C82 /* SwiftGIF.swift in Sources */,
				522F5E47264C336500E9C3DE /* QuizViewController.swift in Sources */,
				52D90B9D2649D24F00F952D0 /* CoreDataHelper.swift in Sources */,
				524605352652E4DB00C19B49 /* InsetLabel.swift in Sources */,
				B7F94C46264B8F5100E87C82 /* ContactUsViewController.swift in Sources */,
				522E8F12264F6BE400F166DB /* MultipleChoiceQuestionFormExtensions.swift in Sources */,
				524604E12651F62800C19B49 /* MultipleChoiceQuestionForm+CoreDataClass.swift in Sources */,
				5246052F2652D83400C19B49 /* AdminQuestionTextViewCell.swift in Sources */,
				52D17765264AB15A0035FEE8 /* TechnologyExtensions.swift in Sources */,
				522F5E4A264C33E400E9C3DE /* MultipleChoiceQuestionViewController.swift in Sources */,
				524604D92651F62800C19B49 /* ShortAnswerQuestionForm+CoreDataClass.swift in Sources */,
				524604DC2651F62800C19B49 /* MultipleChoiceQuestion+CoreDataProperties.swift in Sources */,
				52210531264D73CA00FF89CB /* UserDashboardViewController.swift in Sources */,
				522F5E50264C3BB900E9C3DE /* MultipleChoiceTableViewCell.swift in Sources */,
				522F5E4E264C3A7700E9C3DE /* CheckboxView.swift in Sources */,
				524605332652D83400C19B49 /* AdminMultipleChoiceQuestionViewController.swift in Sources */,
				52F0E35A264EA35100B63997 /* AlertViewController.swift in Sources */,
				52D90B2B26498DFA00F952D0 /* AppDelegate.swift in Sources */,
				B7F94C3E264B8F5100E87C82 /* SignUpViewController.swift in Sources */,
				52C385ED264DA24200FEC438 /* UserExtensions.swift in Sources */,
				529F0635264C9EDE006984BB /* QuizApp.xcdatamodeld in Sources */,
				524605382652FF7F00C19B49 /* AdminUserListViewController.swift in Sources */,
				529F0653264CA71F006984BB /* QuizQuestionOrQuestionForm.swift in Sources */,
				524604E22651F62800C19B49 /* MultipleChoiceQuestionForm+CoreDataProperties.swift in Sources */,
				527E90322649D9C500FB7E71 /* KeychainHelper.swift in Sources */,
				52C3860F264DC37700FEC438 /* InputValidator.swift in Sources */,
				522E8F02264F5F0100F166DB /* AdminQuestionListViewController.swift in Sources */,
				522BFEF6264EE06200A92745 /* InputValidationPasswordTextField.swift in Sources */,
				524604DD2651F62800C19B49 /* ShortAnswerQuestion+CoreDataClass.swift in Sources */,
				52210533264D77DF00FF89CB /* UserQuizzesTableViewSectionHeaderCell.swift in Sources */,
			);
			runOnlyForDeploymentPostprocessing = 0;
		};
/* End PBXSourcesBuildPhase section */

/* Begin PBXVariantGroup section */
		52D90B3026498DFA00F952D0 /* Main.storyboard */ = {
			isa = PBXVariantGroup;
			children = (
				52D90B3126498DFA00F952D0 /* Base */,
			);
			name = Main.storyboard;
			path = .;
			sourceTree = "<group>";
		};
		52D90B3826498DFD00F952D0 /* LaunchScreen.storyboard */ = {
			isa = PBXVariantGroup;
			children = (
				52D90B3926498DFD00F952D0 /* Base */,
			);
			name = LaunchScreen.storyboard;
			path = .;
			sourceTree = "<group>";
		};
/* End PBXVariantGroup section */

/* Begin XCBuildConfiguration section */
		52D90B3C26498DFD00F952D0 /* Debug */ = {
			isa = XCBuildConfiguration;
			buildSettings = {
				ALWAYS_SEARCH_USER_PATHS = NO;
				CLANG_ANALYZER_NONNULL = YES;
				CLANG_ANALYZER_NUMBER_OBJECT_CONVERSION = YES_AGGRESSIVE;
				CLANG_CXX_LANGUAGE_STANDARD = "gnu++14";
				CLANG_CXX_LIBRARY = "libc++";
				CLANG_ENABLE_MODULES = YES;
				CLANG_ENABLE_OBJC_ARC = YES;
				CLANG_ENABLE_OBJC_WEAK = YES;
				CLANG_WARN_BLOCK_CAPTURE_AUTORELEASING = YES;
				CLANG_WARN_BOOL_CONVERSION = YES;
				CLANG_WARN_COMMA = YES;
				CLANG_WARN_CONSTANT_CONVERSION = YES;
				CLANG_WARN_DEPRECATED_OBJC_IMPLEMENTATIONS = YES;
				CLANG_WARN_DIRECT_OBJC_ISA_USAGE = YES_ERROR;
				CLANG_WARN_DOCUMENTATION_COMMENTS = YES;
				CLANG_WARN_EMPTY_BODY = YES;
				CLANG_WARN_ENUM_CONVERSION = YES;
				CLANG_WARN_INFINITE_RECURSION = YES;
				CLANG_WARN_INT_CONVERSION = YES;
				CLANG_WARN_NON_LITERAL_NULL_CONVERSION = YES;
				CLANG_WARN_OBJC_IMPLICIT_RETAIN_SELF = YES;
				CLANG_WARN_OBJC_LITERAL_CONVERSION = YES;
				CLANG_WARN_OBJC_ROOT_CLASS = YES_ERROR;
				CLANG_WARN_QUOTED_INCLUDE_IN_FRAMEWORK_HEADER = YES;
				CLANG_WARN_RANGE_LOOP_ANALYSIS = YES;
				CLANG_WARN_STRICT_PROTOTYPES = YES;
				CLANG_WARN_SUSPICIOUS_MOVE = YES;
				CLANG_WARN_UNGUARDED_AVAILABILITY = YES_AGGRESSIVE;
				CLANG_WARN_UNREACHABLE_CODE = YES;
				CLANG_WARN__DUPLICATE_METHOD_MATCH = YES;
				COPY_PHASE_STRIP = NO;
				DEBUG_INFORMATION_FORMAT = dwarf;
				ENABLE_STRICT_OBJC_MSGSEND = YES;
				ENABLE_TESTABILITY = YES;
				GCC_C_LANGUAGE_STANDARD = gnu11;
				GCC_DYNAMIC_NO_PIC = NO;
				GCC_NO_COMMON_BLOCKS = YES;
				GCC_OPTIMIZATION_LEVEL = 0;
				GCC_PREPROCESSOR_DEFINITIONS = (
					"DEBUG=1",
					"$(inherited)",
				);
				GCC_WARN_64_TO_32_BIT_CONVERSION = YES;
				GCC_WARN_ABOUT_RETURN_TYPE = YES_ERROR;
				GCC_WARN_UNDECLARED_SELECTOR = YES;
				GCC_WARN_UNINITIALIZED_AUTOS = YES_AGGRESSIVE;
				GCC_WARN_UNUSED_FUNCTION = YES;
				GCC_WARN_UNUSED_VARIABLE = YES;
				IPHONEOS_DEPLOYMENT_TARGET = 13.0;
				MTL_ENABLE_DEBUG_INFO = INCLUDE_SOURCE;
				MTL_FAST_MATH = YES;
				ONLY_ACTIVE_ARCH = YES;
				SDKROOT = iphoneos;
				SWIFT_ACTIVE_COMPILATION_CONDITIONS = DEBUG;
				SWIFT_OPTIMIZATION_LEVEL = "-Onone";
			};
			name = Debug;
		};
		52D90B3D26498DFD00F952D0 /* Release */ = {
			isa = XCBuildConfiguration;
			buildSettings = {
				ALWAYS_SEARCH_USER_PATHS = NO;
				CLANG_ANALYZER_NONNULL = YES;
				CLANG_ANALYZER_NUMBER_OBJECT_CONVERSION = YES_AGGRESSIVE;
				CLANG_CXX_LANGUAGE_STANDARD = "gnu++14";
				CLANG_CXX_LIBRARY = "libc++";
				CLANG_ENABLE_MODULES = YES;
				CLANG_ENABLE_OBJC_ARC = YES;
				CLANG_ENABLE_OBJC_WEAK = YES;
				CLANG_WARN_BLOCK_CAPTURE_AUTORELEASING = YES;
				CLANG_WARN_BOOL_CONVERSION = YES;
				CLANG_WARN_COMMA = YES;
				CLANG_WARN_CONSTANT_CONVERSION = YES;
				CLANG_WARN_DEPRECATED_OBJC_IMPLEMENTATIONS = YES;
				CLANG_WARN_DIRECT_OBJC_ISA_USAGE = YES_ERROR;
				CLANG_WARN_DOCUMENTATION_COMMENTS = YES;
				CLANG_WARN_EMPTY_BODY = YES;
				CLANG_WARN_ENUM_CONVERSION = YES;
				CLANG_WARN_INFINITE_RECURSION = YES;
				CLANG_WARN_INT_CONVERSION = YES;
				CLANG_WARN_NON_LITERAL_NULL_CONVERSION = YES;
				CLANG_WARN_OBJC_IMPLICIT_RETAIN_SELF = YES;
				CLANG_WARN_OBJC_LITERAL_CONVERSION = YES;
				CLANG_WARN_OBJC_ROOT_CLASS = YES_ERROR;
				CLANG_WARN_QUOTED_INCLUDE_IN_FRAMEWORK_HEADER = YES;
				CLANG_WARN_RANGE_LOOP_ANALYSIS = YES;
				CLANG_WARN_STRICT_PROTOTYPES = YES;
				CLANG_WARN_SUSPICIOUS_MOVE = YES;
				CLANG_WARN_UNGUARDED_AVAILABILITY = YES_AGGRESSIVE;
				CLANG_WARN_UNREACHABLE_CODE = YES;
				CLANG_WARN__DUPLICATE_METHOD_MATCH = YES;
				COPY_PHASE_STRIP = NO;
				DEBUG_INFORMATION_FORMAT = "dwarf-with-dsym";
				ENABLE_NS_ASSERTIONS = NO;
				ENABLE_STRICT_OBJC_MSGSEND = YES;
				GCC_C_LANGUAGE_STANDARD = gnu11;
				GCC_NO_COMMON_BLOCKS = YES;
				GCC_WARN_64_TO_32_BIT_CONVERSION = YES;
				GCC_WARN_ABOUT_RETURN_TYPE = YES_ERROR;
				GCC_WARN_UNDECLARED_SELECTOR = YES;
				GCC_WARN_UNINITIALIZED_AUTOS = YES_AGGRESSIVE;
				GCC_WARN_UNUSED_FUNCTION = YES;
				GCC_WARN_UNUSED_VARIABLE = YES;
				IPHONEOS_DEPLOYMENT_TARGET = 13.0;
				MTL_ENABLE_DEBUG_INFO = NO;
				MTL_FAST_MATH = YES;
				SDKROOT = iphoneos;
				SWIFT_COMPILATION_MODE = wholemodule;
				SWIFT_OPTIMIZATION_LEVEL = "-O";
				VALIDATE_PRODUCT = YES;
			};
			name = Release;
		};
		52D90B3F26498DFD00F952D0 /* Debug */ = {
			isa = XCBuildConfiguration;
			baseConfigurationReference = 18E4215484E0662C8943E368 /* Pods-QuizApp.debug.xcconfig */;
			buildSettings = {
				ASSETCATALOG_COMPILER_APPICON_NAME = AppIcon;
				ASSETCATALOG_COMPILER_GLOBAL_ACCENT_COLOR_NAME = AccentColor;
				CODE_SIGN_STYLE = Automatic;
				DEVELOPMENT_TEAM = HLR39LGVA9;
				INFOPLIST_FILE = QuizApp/Info.plist;
				IPHONEOS_DEPLOYMENT_TARGET = 13.0;
				LD_RUNPATH_SEARCH_PATHS = (
					"$(inherited)",
					"@executable_path/Frameworks",
				);
				PRODUCT_BUNDLE_IDENTIFIER = rolieman.QuizApp;
				PRODUCT_NAME = "$(TARGET_NAME)";
				SWIFT_VERSION = 5.0;
				TARGETED_DEVICE_FAMILY = "1,2";
			};
			name = Debug;
		};
		52D90B4026498DFD00F952D0 /* Release */ = {
			isa = XCBuildConfiguration;
			baseConfigurationReference = AB0DD3544B68EC447FBFB5EA /* Pods-QuizApp.release.xcconfig */;
			buildSettings = {
				ASSETCATALOG_COMPILER_APPICON_NAME = AppIcon;
				ASSETCATALOG_COMPILER_GLOBAL_ACCENT_COLOR_NAME = AccentColor;
				CODE_SIGN_STYLE = Automatic;
				DEVELOPMENT_TEAM = HLR39LGVA9;
				INFOPLIST_FILE = QuizApp/Info.plist;
				IPHONEOS_DEPLOYMENT_TARGET = 13.0;
				LD_RUNPATH_SEARCH_PATHS = (
					"$(inherited)",
					"@executable_path/Frameworks",
				);
				PRODUCT_BUNDLE_IDENTIFIER = rolieman.QuizApp;
				PRODUCT_NAME = "$(TARGET_NAME)";
				SWIFT_VERSION = 5.0;
				TARGETED_DEVICE_FAMILY = "1,2";
			};
			name = Release;
		};
/* End XCBuildConfiguration section */

/* Begin XCConfigurationList section */
		52D90B2226498DFA00F952D0 /* Build configuration list for PBXProject "QuizApp" */ = {
			isa = XCConfigurationList;
			buildConfigurations = (
				52D90B3C26498DFD00F952D0 /* Debug */,
				52D90B3D26498DFD00F952D0 /* Release */,
			);
			defaultConfigurationIsVisible = 0;
			defaultConfigurationName = Release;
		};
		52D90B3E26498DFD00F952D0 /* Build configuration list for PBXNativeTarget "QuizApp" */ = {
			isa = XCConfigurationList;
			buildConfigurations = (
				52D90B3F26498DFD00F952D0 /* Debug */,
				52D90B4026498DFD00F952D0 /* Release */,
			);
			defaultConfigurationIsVisible = 0;
			defaultConfigurationName = Release;
		};
/* End XCConfigurationList section */

/* Begin XCVersionGroup section */
		529F0633264C9EDE006984BB /* QuizApp.xcdatamodeld */ = {
			isa = XCVersionGroup;
			children = (
				529F0634264C9EDE006984BB /* QuizApp.xcdatamodel */,
			);
			currentVersion = 529F0634264C9EDE006984BB /* QuizApp.xcdatamodel */;
			path = QuizApp.xcdatamodeld;
			sourceTree = "<group>";
			versionGroupType = wrapper.xcdatamodel;
		};
/* End XCVersionGroup section */
	};
	rootObject = 52D90B1F26498DFA00F952D0 /* Project object */;
}
